// !$*UTF8*$!
{
	archiveVersion = 1;
	classes = {
	};
	objectVersion = 50;
	objects = {

/* Begin PBXBuildFile section */
		2F4A44D0245779F800E6D790 /* ScreenView.swift in Sources */ = {isa = PBXBuildFile; fileRef = 2F4A44CF245779F800E6D790 /* ScreenView.swift */; };
		2F4A44DA2457BFA800E6D790 /* HexMadnessTests.swift in Sources */ = {isa = PBXBuildFile; fileRef = 2F4A44D92457BFA800E6D790 /* HexMadnessTests.swift */; };
		2F4A44E12457BFDE00E6D790 /* GameModel.swift in Sources */ = {isa = PBXBuildFile; fileRef = 2F4C8ECC2455132B00AF5C0F /* GameModel.swift */; };
		2F4A44E22457C01900E6D790 /* CircleModel.swift in Sources */ = {isa = PBXBuildFile; fileRef = 2F9933B123A098DF0058290F /* CircleModel.swift */; };
		2F4A44E32457C02600E6D790 /* GameColor.swift in Sources */ = {isa = PBXBuildFile; fileRef = 2F4C8ECE24551A4E00AF5C0F /* GameColor.swift */; };
		2F4A44E4245A585000E6D790 /* Hex.swift in Sources */ = {isa = PBXBuildFile; fileRef = 2F4C8ECA24529C7D00AF5C0F /* Hex.swift */; };
		2F4C8EC9245299A300AF5C0F /* HexView.swift in Sources */ = {isa = PBXBuildFile; fileRef = 2F4C8EC8245299A300AF5C0F /* HexView.swift */; };
		2F4C8ECB24529C7D00AF5C0F /* Hex.swift in Sources */ = {isa = PBXBuildFile; fileRef = 2F4C8ECA24529C7D00AF5C0F /* Hex.swift */; };
		2F4C8ECD2455132B00AF5C0F /* GameModel.swift in Sources */ = {isa = PBXBuildFile; fileRef = 2F4C8ECC2455132B00AF5C0F /* GameModel.swift */; };
		2F4C8ECF24551A4E00AF5C0F /* GameColor.swift in Sources */ = {isa = PBXBuildFile; fileRef = 2F4C8ECE24551A4E00AF5C0F /* GameColor.swift */; };
		2F4DA5A0245F6CBE000A937F /* HelpView.swift in Sources */ = {isa = PBXBuildFile; fileRef = 2F4DA59F245F6CBE000A937F /* HelpView.swift */; };
		2F4DA5A2245F7128000A937F /* TopScoreView.swift in Sources */ = {isa = PBXBuildFile; fileRef = 2F4DA5A1245F7128000A937F /* TopScoreView.swift */; };
		2F4DA5AB2460A300000A937F /* CircleOnlyView.swift in Sources */ = {isa = PBXBuildFile; fileRef = 2F4DA5AA2460A300000A937F /* CircleOnlyView.swift */; };
		2F4DA5AD2460A473000A937F /* CirclePreView.swift in Sources */ = {isa = PBXBuildFile; fileRef = 2F4DA5AC2460A473000A937F /* CirclePreView.swift */; };
		2F4F1A0E245CD51F00A02881 /* CircleFadeView.swift in Sources */ = {isa = PBXBuildFile; fileRef = 2F4F1A0D245CD51F00A02881 /* CircleFadeView.swift */; };
		2F99339C239D9EC60058290F /* AppDelegate.swift in Sources */ = {isa = PBXBuildFile; fileRef = 2F99339B239D9EC60058290F /* AppDelegate.swift */; };
		2F99339E239D9EC60058290F /* SceneDelegate.swift in Sources */ = {isa = PBXBuildFile; fileRef = 2F99339D239D9EC60058290F /* SceneDelegate.swift */; };
		2F9933A0239D9EC60058290F /* ContentView.swift in Sources */ = {isa = PBXBuildFile; fileRef = 2F99339F239D9EC60058290F /* ContentView.swift */; };
		2F9933A2239D9EC70058290F /* Assets.xcassets in Resources */ = {isa = PBXBuildFile; fileRef = 2F9933A1239D9EC70058290F /* Assets.xcassets */; };
		2F9933A5239D9EC70058290F /* Preview Assets.xcassets in Resources */ = {isa = PBXBuildFile; fileRef = 2F9933A4239D9EC70058290F /* Preview Assets.xcassets */; };
		2F9933A8239D9EC70058290F /* LaunchScreen.storyboard in Resources */ = {isa = PBXBuildFile; fileRef = 2F9933A6239D9EC70058290F /* LaunchScreen.storyboard */; };
		2F9933B0239DA0FB0058290F /* GameView.swift in Sources */ = {isa = PBXBuildFile; fileRef = 2F9933AF239DA0FB0058290F /* GameView.swift */; };
		2F9933B223A098DF0058290F /* CircleModel.swift in Sources */ = {isa = PBXBuildFile; fileRef = 2F9933B123A098DF0058290F /* CircleModel.swift */; };
		2F9933B623A0A1390058290F /* CircleView.swift in Sources */ = {isa = PBXBuildFile; fileRef = 2F9933B523A0A1390058290F /* CircleView.swift */; };
/* End PBXBuildFile section */

/* Begin PBXContainerItemProxy section */
		2F4A44DC2457BFA800E6D790 /* PBXContainerItemProxy */ = {
			isa = PBXContainerItemProxy;
			containerPortal = 2F993390239D9EC60058290F /* Project object */;
			proxyType = 1;
			remoteGlobalIDString = 2F993397239D9EC60058290F;
			remoteInfo = HexMadness;
		};
/* End PBXContainerItemProxy section */

/* Begin PBXFileReference section */
		2F4A44CF245779F800E6D790 /* ScreenView.swift */ = {isa = PBXFileReference; lastKnownFileType = sourcecode.swift; path = ScreenView.swift; sourceTree = "<group>"; };
		2F4A44D72457BFA800E6D790 /* HexMadnessTests.xctest */ = {isa = PBXFileReference; explicitFileType = wrapper.cfbundle; includeInIndex = 0; path = HexMadnessTests.xctest; sourceTree = BUILT_PRODUCTS_DIR; };
		2F4A44D92457BFA800E6D790 /* HexMadnessTests.swift */ = {isa = PBXFileReference; lastKnownFileType = sourcecode.swift; path = HexMadnessTests.swift; sourceTree = "<group>"; };
		2F4A44DB2457BFA800E6D790 /* Info.plist */ = {isa = PBXFileReference; lastKnownFileType = text.plist.xml; path = Info.plist; sourceTree = "<group>"; };
		2F4C8EC8245299A300AF5C0F /* HexView.swift */ = {isa = PBXFileReference; lastKnownFileType = sourcecode.swift; path = HexView.swift; sourceTree = "<group>"; };
		2F4C8ECA24529C7D00AF5C0F /* Hex.swift */ = {isa = PBXFileReference; lastKnownFileType = sourcecode.swift; path = Hex.swift; sourceTree = "<group>"; };
		2F4C8ECC2455132B00AF5C0F /* GameModel.swift */ = {isa = PBXFileReference; lastKnownFileType = sourcecode.swift; path = GameModel.swift; sourceTree = "<group>"; };
		2F4C8ECE24551A4E00AF5C0F /* GameColor.swift */ = {isa = PBXFileReference; lastKnownFileType = sourcecode.swift; path = GameColor.swift; sourceTree = "<group>"; };
		2F4DA59F245F6CBE000A937F /* HelpView.swift */ = {isa = PBXFileReference; lastKnownFileType = sourcecode.swift; path = HelpView.swift; sourceTree = "<group>"; };
		2F4DA5A1245F7128000A937F /* TopScoreView.swift */ = {isa = PBXFileReference; lastKnownFileType = sourcecode.swift; path = TopScoreView.swift; sourceTree = "<group>"; };
		2F4DA5A3245FB8A8000A937F /* GameCenterView.swift */ = {isa = PBXFileReference; lastKnownFileType = sourcecode.swift; path = GameCenterView.swift; sourceTree = "<group>"; };
		2F4DA5A6245FB995000A937F /* GameKit.framework */ = {isa = PBXFileReference; lastKnownFileType = wrapper.framework; name = GameKit.framework; path = System/Library/Frameworks/GameKit.framework; sourceTree = SDKROOT; };
		2F4DA5A8245FBC2D000A937F /* GameCenterManager.swift */ = {isa = PBXFileReference; lastKnownFileType = sourcecode.swift; path = GameCenterManager.swift; sourceTree = "<group>"; };
		2F4DA5AA2460A300000A937F /* CircleOnlyView.swift */ = {isa = PBXFileReference; lastKnownFileType = sourcecode.swift; path = CircleOnlyView.swift; sourceTree = "<group>"; };
		2F4DA5AC2460A473000A937F /* CirclePreView.swift */ = {isa = PBXFileReference; lastKnownFileType = sourcecode.swift; path = CirclePreView.swift; sourceTree = "<group>"; };
		2F4F1A0D245CD51F00A02881 /* CircleFadeView.swift */ = {isa = PBXFileReference; fileEncoding = 4; lastKnownFileType = sourcecode.swift; path = CircleFadeView.swift; sourceTree = "<group>"; };
		2F993398239D9EC60058290F /* HexMadness.app */ = {isa = PBXFileReference; explicitFileType = wrapper.application; includeInIndex = 0; path = HexMadness.app; sourceTree = BUILT_PRODUCTS_DIR; };
		2F99339B239D9EC60058290F /* AppDelegate.swift */ = {isa = PBXFileReference; lastKnownFileType = sourcecode.swift; path = AppDelegate.swift; sourceTree = "<group>"; };
		2F99339D239D9EC60058290F /* SceneDelegate.swift */ = {isa = PBXFileReference; lastKnownFileType = sourcecode.swift; path = SceneDelegate.swift; sourceTree = "<group>"; };
		2F99339F239D9EC60058290F /* ContentView.swift */ = {isa = PBXFileReference; lastKnownFileType = sourcecode.swift; path = ContentView.swift; sourceTree = "<group>"; };
		2F9933A1239D9EC70058290F /* Assets.xcassets */ = {isa = PBXFileReference; lastKnownFileType = folder.assetcatalog; path = Assets.xcassets; sourceTree = "<group>"; };
		2F9933A4239D9EC70058290F /* Preview Assets.xcassets */ = {isa = PBXFileReference; lastKnownFileType = folder.assetcatalog; path = "Preview Assets.xcassets"; sourceTree = "<group>"; };
		2F9933A7239D9EC70058290F /* Base */ = {isa = PBXFileReference; lastKnownFileType = file.storyboard; name = Base; path = Base.lproj/LaunchScreen.storyboard; sourceTree = "<group>"; };
		2F9933A9239D9EC70058290F /* Info.plist */ = {isa = PBXFileReference; lastKnownFileType = text.plist.xml; path = Info.plist; sourceTree = "<group>"; };
		2F9933AF239DA0FB0058290F /* GameView.swift */ = {isa = PBXFileReference; lastKnownFileType = sourcecode.swift; path = GameView.swift; sourceTree = "<group>"; };
		2F9933B123A098DF0058290F /* CircleModel.swift */ = {isa = PBXFileReference; lastKnownFileType = sourcecode.swift; path = CircleModel.swift; sourceTree = "<group>"; };
		2F9933B523A0A1390058290F /* CircleView.swift */ = {isa = PBXFileReference; lastKnownFileType = sourcecode.swift; path = CircleView.swift; sourceTree = "<group>"; };
/* End PBXFileReference section */

/* Begin PBXFrameworksBuildPhase section */
		2F4A44D42457BFA800E6D790 /* Frameworks */ = {
			isa = PBXFrameworksBuildPhase;
			buildActionMask = 2147483647;
			files = (
			);
			runOnlyForDeploymentPostprocessing = 0;
		};
		2F993395239D9EC60058290F /* Frameworks */ = {
			isa = PBXFrameworksBuildPhase;
			buildActionMask = 2147483647;
			files = (
			);
			runOnlyForDeploymentPostprocessing = 0;
		};
/* End PBXFrameworksBuildPhase section */

/* Begin PBXGroup section */
		2F4A44D82457BFA800E6D790 /* HexMadnessTests */ = {
			isa = PBXGroup;
			children = (
				2F4A44D92457BFA800E6D790 /* HexMadnessTests.swift */,
				2F4A44DB2457BFA800E6D790 /* Info.plist */,
			);
			path = HexMadnessTests;
			sourceTree = "<group>";
		};
		2F4DA5A5245FB995000A937F /* Frameworks */ = {
			isa = PBXGroup;
			children = (
				2F4DA5A6245FB995000A937F /* GameKit.framework */,
			);
			name = Frameworks;
			sourceTree = "<group>";
		};
		2F99338F239D9EC60058290F = {
			isa = PBXGroup;
			children = (
				2F99339A239D9EC60058290F /* HexMadness */,
				2F4A44D82457BFA800E6D790 /* HexMadnessTests */,
				2F993399239D9EC60058290F /* Products */,
				2F4DA5A5245FB995000A937F /* Frameworks */,
			);
			sourceTree = "<group>";
		};
		2F993399239D9EC60058290F /* Products */ = {
			isa = PBXGroup;
			children = (
				2F993398239D9EC60058290F /* HexMadness.app */,
				2F4A44D72457BFA800E6D790 /* HexMadnessTests.xctest */,
			);
			name = Products;
			sourceTree = "<group>";
		};
		2F99339A239D9EC60058290F /* HexMadness */ = {
			isa = PBXGroup;
			children = (
				2F99339B239D9EC60058290F /* AppDelegate.swift */,
				2F99339D239D9EC60058290F /* SceneDelegate.swift */,
				2F99339F239D9EC60058290F /* ContentView.swift */,
				2F4DA59F245F6CBE000A937F /* HelpView.swift */,
				2F9933A1239D9EC70058290F /* Assets.xcassets */,
				2F9933A6239D9EC70058290F /* LaunchScreen.storyboard */,
				2F9933A9239D9EC70058290F /* Info.plist */,
				2F9933A3239D9EC70058290F /* Preview Content */,
				2F9933AF239DA0FB0058290F /* GameView.swift */,
				2F4C8ECA24529C7D00AF5C0F /* Hex.swift */,
				2F9933B123A098DF0058290F /* CircleModel.swift */,
				2F9933B523A0A1390058290F /* CircleView.swift */,
				2F4DA5AA2460A300000A937F /* CircleOnlyView.swift */,
				2F4F1A0D245CD51F00A02881 /* CircleFadeView.swift */,
				2F4DA5A1245F7128000A937F /* TopScoreView.swift */,
				2F4C8EC8245299A300AF5C0F /* HexView.swift */,
				2F4C8ECC2455132B00AF5C0F /* GameModel.swift */,
				2F4C8ECE24551A4E00AF5C0F /* GameColor.swift */,
				2F4A44CF245779F800E6D790 /* ScreenView.swift */,
				2F4DA5AC2460A473000A937F /* CirclePreView.swift */,
				2F4DA5A3245FB8A8000A937F /* GameCenterView.swift */,
				2F4DA5A8245FBC2D000A937F /* GameCenterManager.swift */,
			);
			path = HexMadness;
			sourceTree = "<group>";
		};
		2F9933A3239D9EC70058290F /* Preview Content */ = {
			isa = PBXGroup;
			children = (
				2F9933A4239D9EC70058290F /* Preview Assets.xcassets */,
			);
			path = "Preview Content";
			sourceTree = "<group>";
		};
/* End PBXGroup section */

/* Begin PBXNativeTarget section */
		2F4A44D62457BFA800E6D790 /* HexMadnessTests */ = {
			isa = PBXNativeTarget;
			buildConfigurationList = 2F4A44DE2457BFA800E6D790 /* Build configuration list for PBXNativeTarget "HexMadnessTests" */;
			buildPhases = (
				2F4A44D32457BFA800E6D790 /* Sources */,
				2F4A44D42457BFA800E6D790 /* Frameworks */,
				2F4A44D52457BFA800E6D790 /* Resources */,
			);
			buildRules = (
			);
			dependencies = (
				2F4A44DD2457BFA800E6D790 /* PBXTargetDependency */,
			);
			name = HexMadnessTests;
			productName = HexMadnessTests;
			productReference = 2F4A44D72457BFA800E6D790 /* HexMadnessTests.xctest */;
			productType = "com.apple.product-type.bundle.unit-test";
		};
		2F993397239D9EC60058290F /* HexMadness */ = {
			isa = PBXNativeTarget;
			buildConfigurationList = 2F9933AC239D9EC70058290F /* Build configuration list for PBXNativeTarget "HexMadness" */;
			buildPhases = (
				2F993394239D9EC60058290F /* Sources */,
				2F993395239D9EC60058290F /* Frameworks */,
				2F993396239D9EC60058290F /* Resources */,
			);
			buildRules = (
			);
			dependencies = (
			);
			name = HexMadness;
			productName = HexMadness;
			productReference = 2F993398239D9EC60058290F /* HexMadness.app */;
			productType = "com.apple.product-type.application";
		};
/* End PBXNativeTarget section */

/* Begin PBXProject section */
		2F993390239D9EC60058290F /* Project object */ = {
			isa = PBXProject;
			attributes = {
				LastSwiftUpdateCheck = 1140;
				LastUpgradeCheck = 1120;
				ORGANIZATIONNAME = "Darrell Root";
				TargetAttributes = {
					2F4A44D62457BFA800E6D790 = {
						CreatedOnToolsVersion = 11.4.1;
						TestTargetID = 2F993397239D9EC60058290F;
					};
					2F993397239D9EC60058290F = {
						CreatedOnToolsVersion = 11.2.1;
					};
				};
			};
			buildConfigurationList = 2F993393239D9EC60058290F /* Build configuration list for PBXProject "HexMadness" */;
			compatibilityVersion = "Xcode 9.3";
			developmentRegion = en;
			hasScannedForEncodings = 0;
			knownRegions = (
				en,
				Base,
			);
			mainGroup = 2F99338F239D9EC60058290F;
			productRefGroup = 2F993399239D9EC60058290F /* Products */;
			projectDirPath = "";
			projectRoot = "";
			targets = (
				2F993397239D9EC60058290F /* HexMadness */,
				2F4A44D62457BFA800E6D790 /* HexMadnessTests */,
			);
		};
/* End PBXProject section */

/* Begin PBXResourcesBuildPhase section */
		2F4A44D52457BFA800E6D790 /* Resources */ = {
			isa = PBXResourcesBuildPhase;
			buildActionMask = 2147483647;
			files = (
			);
			runOnlyForDeploymentPostprocessing = 0;
		};
		2F993396239D9EC60058290F /* Resources */ = {
			isa = PBXResourcesBuildPhase;
			buildActionMask = 2147483647;
			files = (
				2F9933A8239D9EC70058290F /* LaunchScreen.storyboard in Resources */,
				2F9933A5239D9EC70058290F /* Preview Assets.xcassets in Resources */,
				2F9933A2239D9EC70058290F /* Assets.xcassets in Resources */,
			);
			runOnlyForDeploymentPostprocessing = 0;
		};
/* End PBXResourcesBuildPhase section */

/* Begin PBXSourcesBuildPhase section */
		2F4A44D32457BFA800E6D790 /* Sources */ = {
			isa = PBXSourcesBuildPhase;
			buildActionMask = 2147483647;
			files = (
				2F4A44E22457C01900E6D790 /* CircleModel.swift in Sources */,
				2F4A44E4245A585000E6D790 /* Hex.swift in Sources */,
				2F4A44DA2457BFA800E6D790 /* HexMadnessTests.swift in Sources */,
				2F4A44E12457BFDE00E6D790 /* GameModel.swift in Sources */,
				2F4A44E32457C02600E6D790 /* GameColor.swift in Sources */,
			);
			runOnlyForDeploymentPostprocessing = 0;
		};
		2F993394239D9EC60058290F /* Sources */ = {
			isa = PBXSourcesBuildPhase;
			buildActionMask = 2147483647;
			files = (
				2F4F1A0E245CD51F00A02881 /* CircleFadeView.swift in Sources */,
				2F4DA5A0245F6CBE000A937F /* HelpView.swift in Sources */,
				2F4DA5AD2460A473000A937F /* CirclePreView.swift in Sources */,
				2F4C8EC9245299A300AF5C0F /* HexView.swift in Sources */,
				2F9933B623A0A1390058290F /* CircleView.swift in Sources */,
				2F9933B223A098DF0058290F /* CircleModel.swift in Sources */,
				2F4DA5A2245F7128000A937F /* TopScoreView.swift in Sources */,
				2F99339C239D9EC60058290F /* AppDelegate.swift in Sources */,
				2F4C8ECD2455132B00AF5C0F /* GameModel.swift in Sources */,
				2F99339E239D9EC60058290F /* SceneDelegate.swift in Sources */,
				2F4C8ECB24529C7D00AF5C0F /* Hex.swift in Sources */,
				2F9933B0239DA0FB0058290F /* GameView.swift in Sources */,
				2F4C8ECF24551A4E00AF5C0F /* GameColor.swift in Sources */,
				2F9933A0239D9EC60058290F /* ContentView.swift in Sources */,
				2F4A44D0245779F800E6D790 /* ScreenView.swift in Sources */,
				2F4DA5AB2460A300000A937F /* CircleOnlyView.swift in Sources */,
			);
			runOnlyForDeploymentPostprocessing = 0;
		};
/* End PBXSourcesBuildPhase section */

/* Begin PBXTargetDependency section */
		2F4A44DD2457BFA800E6D790 /* PBXTargetDependency */ = {
			isa = PBXTargetDependency;
			target = 2F993397239D9EC60058290F /* HexMadness */;
			targetProxy = 2F4A44DC2457BFA800E6D790 /* PBXContainerItemProxy */;
		};
/* End PBXTargetDependency section */

/* Begin PBXVariantGroup section */
		2F9933A6239D9EC70058290F /* LaunchScreen.storyboard */ = {
			isa = PBXVariantGroup;
			children = (
				2F9933A7239D9EC70058290F /* Base */,
			);
			name = LaunchScreen.storyboard;
			sourceTree = "<group>";
		};
/* End PBXVariantGroup section */

/* Begin XCBuildConfiguration section */
		2F4A44DF2457BFA800E6D790 /* Debug */ = {
			isa = XCBuildConfiguration;
			buildSettings = {
				BUNDLE_LOADER = "$(TEST_HOST)";
				CODE_SIGN_STYLE = Automatic;
				INFOPLIST_FILE = HexMadnessTests/Info.plist;
				IPHONEOS_DEPLOYMENT_TARGET = 13.4;
				LD_RUNPATH_SEARCH_PATHS = (
					"$(inherited)",
					"@executable_path/Frameworks",
					"@loader_path/Frameworks",
				);
				PRODUCT_BUNDLE_IDENTIFIER = training.networkmom.HexMadnessTests;
				PRODUCT_NAME = "$(TARGET_NAME)";
				SWIFT_VERSION = 5.0;
				TARGETED_DEVICE_FAMILY = "1,2";
				TEST_HOST = "$(BUILT_PRODUCTS_DIR)/HexMadness.app/HexMadness";
			};
			name = Debug;
		};
		2F4A44E02457BFA800E6D790 /* Release */ = {
			isa = XCBuildConfiguration;
			buildSettings = {
				BUNDLE_LOADER = "$(TEST_HOST)";
				CODE_SIGN_STYLE = Automatic;
				INFOPLIST_FILE = HexMadnessTests/Info.plist;
				IPHONEOS_DEPLOYMENT_TARGET = 13.4;
				LD_RUNPATH_SEARCH_PATHS = (
					"$(inherited)",
					"@executable_path/Frameworks",
					"@loader_path/Frameworks",
				);
				PRODUCT_BUNDLE_IDENTIFIER = training.networkmom.HexMadnessTests;
				PRODUCT_NAME = "$(TARGET_NAME)";
				SWIFT_VERSION = 5.0;
				TARGETED_DEVICE_FAMILY = "1,2";
				TEST_HOST = "$(BUILT_PRODUCTS_DIR)/HexMadness.app/HexMadness";
			};
			name = Release;
		};
		2F9933AA239D9EC70058290F /* Debug */ = {
			isa = XCBuildConfiguration;
			buildSettings = {
				ALWAYS_SEARCH_USER_PATHS = NO;
				CLANG_ANALYZER_NONNULL = YES;
				CLANG_ANALYZER_NUMBER_OBJECT_CONVERSION = YES_AGGRESSIVE;
				CLANG_CXX_LANGUAGE_STANDARD = "gnu++14";
				CLANG_CXX_LIBRARY = "libc++";
				CLANG_ENABLE_MODULES = YES;
				CLANG_ENABLE_OBJC_ARC = YES;
				CLANG_ENABLE_OBJC_WEAK = YES;
				CLANG_WARN_BLOCK_CAPTURE_AUTORELEASING = YES;
				CLANG_WARN_BOOL_CONVERSION = YES;
				CLANG_WARN_COMMA = YES;
				CLANG_WARN_CONSTANT_CONVERSION = YES;
				CLANG_WARN_DEPRECATED_OBJC_IMPLEMENTATIONS = YES;
				CLANG_WARN_DIRECT_OBJC_ISA_USAGE = YES_ERROR;
				CLANG_WARN_DOCUMENTATION_COMMENTS = YES;
				CLANG_WARN_EMPTY_BODY = YES;
				CLANG_WARN_ENUM_CONVERSION = YES;
				CLANG_WARN_INFINITE_RECURSION = YES;
				CLANG_WARN_INT_CONVERSION = YES;
				CLANG_WARN_NON_LITERAL_NULL_CONVERSION = YES;
				CLANG_WARN_OBJC_IMPLICIT_RETAIN_SELF = YES;
				CLANG_WARN_OBJC_LITERAL_CONVERSION = YES;
				CLANG_WARN_OBJC_ROOT_CLASS = YES_ERROR;
				CLANG_WARN_RANGE_LOOP_ANALYSIS = YES;
				CLANG_WARN_STRICT_PROTOTYPES = YES;
				CLANG_WARN_SUSPICIOUS_MOVE = YES;
				CLANG_WARN_UNGUARDED_AVAILABILITY = YES_AGGRESSIVE;
				CLANG_WARN_UNREACHABLE_CODE = YES;
				CLANG_WARN__DUPLICATE_METHOD_MATCH = YES;
				COPY_PHASE_STRIP = NO;
				DEBUG_INFORMATION_FORMAT = dwarf;
				ENABLE_STRICT_OBJC_MSGSEND = YES;
				ENABLE_TESTABILITY = YES;
				GCC_C_LANGUAGE_STANDARD = gnu11;
				GCC_DYNAMIC_NO_PIC = NO;
				GCC_NO_COMMON_BLOCKS = YES;
				GCC_OPTIMIZATION_LEVEL = 0;
				GCC_PREPROCESSOR_DEFINITIONS = (
					"DEBUG=1",
					"$(inherited)",
				);
				GCC_WARN_64_TO_32_BIT_CONVERSION = YES;
				GCC_WARN_ABOUT_RETURN_TYPE = YES_ERROR;
				GCC_WARN_UNDECLARED_SELECTOR = YES;
				GCC_WARN_UNINITIALIZED_AUTOS = YES_AGGRESSIVE;
				GCC_WARN_UNUSED_FUNCTION = YES;
				GCC_WARN_UNUSED_VARIABLE = YES;
				IPHONEOS_DEPLOYMENT_TARGET = 13.2;
				MTL_ENABLE_DEBUG_INFO = INCLUDE_SOURCE;
				MTL_FAST_MATH = YES;
				ONLY_ACTIVE_ARCH = YES;
				SDKROOT = iphoneos;
				SWIFT_ACTIVE_COMPILATION_CONDITIONS = DEBUG;
				SWIFT_OPTIMIZATION_LEVEL = "-Onone";
			};
			name = Debug;
		};
		2F9933AB239D9EC70058290F /* Release */ = {
			isa = XCBuildConfiguration;
			buildSettings = {
				ALWAYS_SEARCH_USER_PATHS = NO;
				CLANG_ANALYZER_NONNULL = YES;
				CLANG_ANALYZER_NUMBER_OBJECT_CONVERSION = YES_AGGRESSIVE;
				CLANG_CXX_LANGUAGE_STANDARD = "gnu++14";
				CLANG_CXX_LIBRARY = "libc++";
				CLANG_ENABLE_MODULES = YES;
				CLANG_ENABLE_OBJC_ARC = YES;
				CLANG_ENABLE_OBJC_WEAK = YES;
				CLANG_WARN_BLOCK_CAPTURE_AUTORELEASING = YES;
				CLANG_WARN_BOOL_CONVERSION = YES;
				CLANG_WARN_COMMA = YES;
				CLANG_WARN_CONSTANT_CONVERSION = YES;
				CLANG_WARN_DEPRECATED_OBJC_IMPLEMENTATIONS = YES;
				CLANG_WARN_DIRECT_OBJC_ISA_USAGE = YES_ERROR;
				CLANG_WARN_DOCUMENTATION_COMMENTS = YES;
				CLANG_WARN_EMPTY_BODY = YES;
				CLANG_WARN_ENUM_CONVERSION = YES;
				CLANG_WARN_INFINITE_RECURSION = YES;
				CLANG_WARN_INT_CONVERSION = YES;
				CLANG_WARN_NON_LITERAL_NULL_CONVERSION = YES;
				CLANG_WARN_OBJC_IMPLICIT_RETAIN_SELF = YES;
				CLANG_WARN_OBJC_LITERAL_CONVERSION = YES;
				CLANG_WARN_OBJC_ROOT_CLASS = YES_ERROR;
				CLANG_WARN_RANGE_LOOP_ANALYSIS = YES;
				CLANG_WARN_STRICT_PROTOTYPES = YES;
				CLANG_WARN_SUSPICIOUS_MOVE = YES;
				CLANG_WARN_UNGUARDED_AVAILABILITY = YES_AGGRESSIVE;
				CLANG_WARN_UNREACHABLE_CODE = YES;
				CLANG_WARN__DUPLICATE_METHOD_MATCH = YES;
				COPY_PHASE_STRIP = NO;
				DEBUG_INFORMATION_FORMAT = "dwarf-with-dsym";
				ENABLE_NS_ASSERTIONS = NO;
				ENABLE_STRICT_OBJC_MSGSEND = YES;
				GCC_C_LANGUAGE_STANDARD = gnu11;
				GCC_NO_COMMON_BLOCKS = YES;
				GCC_WARN_64_TO_32_BIT_CONVERSION = YES;
				GCC_WARN_ABOUT_RETURN_TYPE = YES_ERROR;
				GCC_WARN_UNDECLARED_SELECTOR = YES;
				GCC_WARN_UNINITIALIZED_AUTOS = YES_AGGRESSIVE;
				GCC_WARN_UNUSED_FUNCTION = YES;
				GCC_WARN_UNUSED_VARIABLE = YES;
				IPHONEOS_DEPLOYMENT_TARGET = 13.2;
				MTL_ENABLE_DEBUG_INFO = NO;
				MTL_FAST_MATH = YES;
				SDKROOT = iphoneos;
				SWIFT_COMPILATION_MODE = wholemodule;
				SWIFT_OPTIMIZATION_LEVEL = "-O";
				VALIDATE_PRODUCT = YES;
			};
			name = Release;
		};
		2F9933AD239D9EC70058290F /* Debug */ = {
			isa = XCBuildConfiguration;
			buildSettings = {
				ASSETCATALOG_COMPILER_APPICON_NAME = AppIcon;
				CODE_SIGN_STYLE = Automatic;
				CURRENT_PROJECT_VERSION = 3;
				DEVELOPMENT_ASSET_PATHS = "\"HexMadness/Preview Content\"";
				DEVELOPMENT_TEAM = 8DU2Q8ABKY;
				ENABLE_PREVIEWS = YES;
				INFOPLIST_FILE = HexMadness/Info.plist;
				LD_RUNPATH_SEARCH_PATHS = (
					"$(inherited)",
					"@executable_path/Frameworks",
				);
				MARKETING_VERSION = 1.2;
				PRODUCT_BUNDLE_IDENTIFIER = net.networkmom.HexMadness;
				PRODUCT_NAME = "$(TARGET_NAME)";
				SWIFT_VERSION = 5.0;
				TARGETED_DEVICE_FAMILY = "1,2";
			};
			name = Debug;
		};
		2F9933AE239D9EC70058290F /* Release */ = {
			isa = XCBuildConfiguration;
			buildSettings = {
				ASSETCATALOG_COMPILER_APPICON_NAME = AppIcon;
				CODE_SIGN_STYLE = Automatic;
				CURRENT_PROJECT_VERSION = 3;
				DEVELOPMENT_ASSET_PATHS = "\"HexMadness/Preview Content\"";
				DEVELOPMENT_TEAM = 8DU2Q8ABKY;
				ENABLE_PREVIEWS = YES;
				INFOPLIST_FILE = HexMadness/Info.plist;
				LD_RUNPATH_SEARCH_PATHS = (
					"$(inherited)",
					"@executable_path/Frameworks",
				);
				MARKETING_VERSION = 1.2;
				PRODUCT_BUNDLE_IDENTIFIER = net.networkmom.HexMadness;
				PRODUCT_NAME = "$(TARGET_NAME)";
				SWIFT_VERSION = 5.0;
				TARGETED_DEVICE_FAMILY = "1,2";
			};
			name = Release;
		};
/* End XCBuildConfiguration section */

/* Begin XCConfigurationList section */
		2F4A44DE2457BFA800E6D790 /* Build configuration list for PBXNativeTarget "HexMadnessTests" */ = {
			isa = XCConfigurationList;
			buildConfigurations = (
				2F4A44DF2457BFA800E6D790 /* Debug */,
				2F4A44E02457BFA800E6D790 /* Release */,
			);
			defaultConfigurationIsVisible = 0;
			defaultConfigurationName = Release;
		};
		2F993393239D9EC60058290F /* Build configuration list for PBXProject "HexMadness" */ = {
			isa = XCConfigurationList;
			buildConfigurations = (
				2F9933AA239D9EC70058290F /* Debug */,
				2F9933AB239D9EC70058290F /* Release */,
			);
			defaultConfigurationIsVisible = 0;
			defaultConfigurationName = Release;
		};
		2F9933AC239D9EC70058290F /* Build configuration list for PBXNativeTarget "HexMadness" */ = {
			isa = XCConfigurationList;
			buildConfigurations = (
				2F9933AD239D9EC70058290F /* Debug */,
				2F9933AE239D9EC70058290F /* Release */,
			);
			defaultConfigurationIsVisible = 0;
			defaultConfigurationName = Release;
		};
/* End XCConfigurationList section */
	};
	rootObject = 2F993390239D9EC60058290F /* Project object */;
}
